{
  "name": "note",
  "lockfileVersion": 2,
  "requires": true,
  "packages": {
    "": {
      "dependencies": {
        "front-date": "^1.1.1"
      }
    },
    "node_modules/front-date": {
      "version": "1.1.1",
      "resolved": "https://registry.npmjs.org/front-date/-/front-date-1.1.1.tgz",
      "integrity": "sha512-sA1kOSr4f392b3vKV3+Giu5mrAhWK5qyLqdiECRazeLa6i3ZZm0cDK0S8FcSQg8TmLuOLL9aepngYM6VHMR0vg==",
      "dependencies": {
        "front-date": "^1.0.6",
        "loadsh": "^0.0.4"
      }
    },
    "node_modules/loadsh": {
      "version": "0.0.4",
      "resolved": "https://registry.npmjs.org/loadsh/-/loadsh-0.0.4.tgz",
      "integrity": "sha512-U+wLL8InpfRalWrr+0SuhWgGt10M4OyAk6G8xCYo2rwpiHtxZkWiFpjei0vO463ghW8LPCdhqQxXlMy2qicAEw==",
      "deprecated": "This is a typosquat on the popular Lodash package. This is not maintained nor is the original Lodash package."
    }
  },
  "dependencies": {
    "front-date": {
      "version": "1.1.1",
      "resolved": "https://registry.npmjs.org/front-date/-/front-date-1.1.1.tgz",
      "integrity": "sha512-sA1kOSr4f392b3vKV3+Giu5mrAhWK5qyLqdiECRazeLa6i3ZZm0cDK0S8FcSQg8TmLuOLL9aepngYM6VHMR0vg==",
      "requires": {
        "front-date": "^1.0.6",
        "loadsh": "^0.0.4"
      }
    },
    "loadsh": {
      "version": "0.0.4",
      "resolved": "https://registry.npmjs.org/loadsh/-/loadsh-0.0.4.tgz",
      "integrity": "sha512-U+wLL8InpfRalWrr+0SuhWgGt10M4OyAk6G8xCYo2rwpiHtxZkWiFpjei0vO463ghW8LPCdhqQxXlMy2qicAEw=="
    }
  }
}
