# THIS IS AN AUTOGENERATED FILE. DO NOT EDIT THIS FILE DIRECTLY.
# yarn lockfile v1


front-date@^1.0.6:
  version "1.0.6"
  resolved "https://registry.yarnpkg.com/front-date/-/front-date-1.0.6.tgz#a3881f599dd270e7d9b2b025baa05110d4b8f5ce"
  integrity sha512-iDrS19nxrat+I+yGGPvNbf/TGb1EibG6FZ8P6YY8HOP/ATeGTg97jmfY+VKPnjRIZPOccvB+EQkOBzaK8q77Yw==
